
Microsoft Visual Studio Solution File, Format Version 12.00
# Visual Studio 14
VisualStudioVersion = 14.0.24720.0
MinimumVisualStudioVersion = 10.0.40219.1
Project("{FAE04EC0-301F-11D3-BF4B-00C04F79EFBC}") = "amazon-clouddrive-dokan", "amazon-clouddrive-dokan\amazon-clouddrive-dokan.csproj", "{213AA535-DB16-4CF9-B3F1-324FF9347F8D}"
EndProject
Project("{2150E333-8FDC-42A3-9474-1A3956D46DE8}") = "Solution Items", "Solution Items", "{F031D0CA-AD7C-4355-838D-CD12011F987C}"
	ProjectSection(SolutionItems) = preProject
		licence.txt = licence.txt
		PrivacyNotice.txt = PrivacyNotice.txt
		Readme.md = Readme.md
	EndProjectSection
EndProject
Project("{FAE04EC0-301F-11D3-BF4B-00C04F79EFBC}") = "Tools", "Tools\Tools.csproj", "{199CDB28-7472-41BD-BB1F-BF345451A68D}"
EndProject
Project("{FAE04EC0-301F-11D3-BF4B-00C04F79EFBC}") = "ACD.DokanNet.Gui", "ACD.DokanNet.Gui\ACD.DokanNet.Gui.csproj", "{B1639C0F-0459-4690-87AE-66EBED228F0F}"
EndProject
Project("{54435603-DBB4-11D2-8724-00A0C9A8B90C}") = "ACDDokanNetInstaller", "ACDDokanNetInstaller\ACDDokanNetInstaller.vdproj", "{CD0ECDAA-982F-4E35-8BA9-E319D8D1F95F}"
EndProject
Project("{2150E333-8FDC-42A3-9474-1A3956D46DE8}") = "images", "images", "{C40D9D1E-23C5-46BF-B902-4DF1677F7C95}"
	ProjectSection(SolutionItems) = preProject
		images\Amazon Cloud Drive as real drive.png = images\Amazon Cloud Drive as real drive.png
	EndProjectSection
EndProject
Project("{FAE04EC0-301F-11D3-BF4B-00C04F79EFBC}") = "amazon-clouddrive-dokanTests", "amazon-clouddrive-dokanTests\amazon-clouddrive-dokanTests.csproj", "{07444044-FB75-4639-AF4B-044A48EAD482}"
EndProject
Project("{FAE04EC0-301F-11D3-BF4B-00C04F79EFBC}") = "ShellExtension", "ShellExtension\ShellExtension.csproj", "{8DAC61EF-E07B-4BD2-8D79-5865EF2799BB}"
EndProject
Global
	GlobalSection(SolutionConfigurationPlatforms) = preSolution
		Debug|Any CPU = Debug|Any CPU
		Release|Any CPU = Release|Any CPU
	EndGlobalSection
	GlobalSection(ProjectConfigurationPlatforms) = postSolution
		{213AA535-DB16-4CF9-B3F1-324FF9347F8D}.Debug|Any CPU.ActiveCfg = Debug|Any CPU
		{213AA535-DB16-4CF9-B3F1-324FF9347F8D}.Debug|Any CPU.Build.0 = Debug|Any CPU
		{213AA535-DB16-4CF9-B3F1-324FF9347F8D}.Release|Any CPU.ActiveCfg = Release|Any CPU
		{213AA535-DB16-4CF9-B3F1-324FF9347F8D}.Release|Any CPU.Build.0 = Release|Any CPU
		{199CDB28-7472-41BD-BB1F-BF345451A68D}.Debug|Any CPU.ActiveCfg = Debug|Any CPU
		{199CDB28-7472-41BD-BB1F-BF345451A68D}.Debug|Any CPU.Build.0 = Debug|Any CPU
		{199CDB28-7472-41BD-BB1F-BF345451A68D}.Release|Any CPU.ActiveCfg = Release|Any CPU
		{199CDB28-7472-41BD-BB1F-BF345451A68D}.Release|Any CPU.Build.0 = Release|Any CPU
		{B1639C0F-0459-4690-87AE-66EBED228F0F}.Debug|Any CPU.ActiveCfg = Debug|Any CPU
		{B1639C0F-0459-4690-87AE-66EBED228F0F}.Debug|Any CPU.Build.0 = Debug|Any CPU
		{B1639C0F-0459-4690-87AE-66EBED228F0F}.Release|Any CPU.ActiveCfg = Release|Any CPU
		{B1639C0F-0459-4690-87AE-66EBED228F0F}.Release|Any CPU.Build.0 = Release|Any CPU
		{CD0ECDAA-982F-4E35-8BA9-E319D8D1F95F}.Debug|Any CPU.ActiveCfg = Debug
		{CD0ECDAA-982F-4E35-8BA9-E319D8D1F95F}.Release|Any CPU.ActiveCfg = Release
		{07444044-FB75-4639-AF4B-044A48EAD482}.Debug|Any CPU.ActiveCfg = Debug|Any CPU
		{07444044-FB75-4639-AF4B-044A48EAD482}.Debug|Any CPU.Build.0 = Debug|Any CPU
		{07444044-FB75-4639-AF4B-044A48EAD482}.Release|Any CPU.ActiveCfg = Release|Any CPU
		{07444044-FB75-4639-AF4B-044A48EAD482}.Release|Any CPU.Build.0 = Release|Any CPU
		{8DAC61EF-E07B-4BD2-8D79-5865EF2799BB}.Debug|Any CPU.ActiveCfg = Debug|Any CPU
		{8DAC61EF-E07B-4BD2-8D79-5865EF2799BB}.Debug|Any CPU.Build.0 = Debug|Any CPU
		{8DAC61EF-E07B-4BD2-8D79-5865EF2799BB}.Release|Any CPU.ActiveCfg = Release|Any CPU
		{8DAC61EF-E07B-4BD2-8D79-5865EF2799BB}.Release|Any CPU.Build.0 = Release|Any CPU
	EndGlobalSection
	GlobalSection(SolutionProperties) = preSolution
		HideSolutionNode = FALSE
	EndGlobalSection
	GlobalSection(NestedProjects) = preSolution
		{C40D9D1E-23C5-46BF-B902-4DF1677F7C95} = {F031D0CA-AD7C-4355-838D-CD12011F987C}
	EndGlobalSection
EndGlobal
