
Microsoft Visual Studio Solution File, Format Version 12.00
# Visual Studio 14
VisualStudioVersion = 14.0.25420.1
MinimumVisualStudioVersion = 10.0.40219.1
Project("{FAE04EC0-301F-11D3-BF4B-00C04F79EFBC}") = "Cloud.DokanNet", "amazon-clouddrive-dokan\Cloud.DokanNet.csproj", "{213AA535-DB16-4CF9-B3F1-324FF9347F8D}"
EndProject
Project("{2150E333-8FDC-42A3-9474-1A3956D46DE8}") = "Solution Items", "Solution Items", "{F031D0CA-AD7C-4355-838D-CD12011F987C}"
	ProjectSection(SolutionItems) = preProject
		Build.md = Build.md
		amazon-clouddrive-dokan\Cloud.DokanNet.ruleset = amazon-clouddrive-dokan\Cloud.DokanNet.ruleset
		licence.txt = licence.txt
		PrivacyNotice.txt = PrivacyNotice.txt
		Readme.md = Readme.md
	EndProjectSection
EndProject
Project("{FAE04EC0-301F-11D3-BF4B-00C04F79EFBC}") = "Tools", "Tools\Tools.csproj", "{199CDB28-7472-41BD-BB1F-BF345451A68D}"
EndProject
Project("{FAE04EC0-301F-11D3-BF4B-00C04F79EFBC}") = "Cloud.DokanNet.Gui", "ACD.DokanNet.Gui\Cloud.DokanNet.Gui.csproj", "{B1639C0F-0459-4690-87AE-66EBED228F0F}"
	ProjectSection(ProjectDependencies) = postProject
		{43097C04-9303-428D-A06C-1D2BF1D6647D} = {43097C04-9303-428D-A06C-1D2BF1D6647D}
	EndProjectSection
EndProject
Project("{54435603-DBB4-11D2-8724-00A0C9A8B90C}") = "ACDDokanNetInstaller", "ACDDokanNetInstaller\ACDDokanNetInstaller.vdproj", "{CD0ECDAA-982F-4E35-8BA9-E319D8D1F95F}"
EndProject
Project("{2150E333-8FDC-42A3-9474-1A3956D46DE8}") = "images", "images", "{C40D9D1E-23C5-46BF-B902-4DF1677F7C95}"
	ProjectSection(SolutionItems) = preProject
		images\Amazon Cloud Drive as real drive.png = images\Amazon Cloud Drive as real drive.png
		ACD.DokanNet.Gui\images\cd_icon.png = ACD.DokanNet.Gui\images\cd_icon.png
	EndProjectSection
EndProject
Project("{FAE04EC0-301F-11D3-BF4B-00C04F79EFBC}") = "Cloud.DokanNet.Tests", "amazon-clouddrive-dokanTests\Cloud.DokanNet.Tests.csproj", "{07444044-FB75-4639-AF4B-044A48EAD482}"
EndProject
Project("{FAE04EC0-301F-11D3-BF4B-00C04F79EFBC}") = "Cloud.ShellExtension", "ShellExtension\Cloud.ShellExtension.csproj", "{8DAC61EF-E07B-4BD2-8D79-5865EF2799BB}"
EndProject
Project("{FAE04EC0-301F-11D3-BF4B-00C04F79EFBC}") = "ShellExtension.Tests", "ShellExtension.Tests\ShellExtension.Tests.csproj", "{925A9045-6E71-422D-A3D5-4E4F852C438D}"
EndProject
Project("{FAE04EC0-301F-11D3-BF4B-00C04F79EFBC}") = "AmazonCloudDrive", "AmazonCloudDrive\AmazonCloudDrive.csproj", "{43097C04-9303-428D-A06C-1D2BF1D6647D}"
EndProject
Project("{FAE04EC0-301F-11D3-BF4B-00C04F79EFBC}") = "Cloud.Common", "Cloud.Common\Cloud.Common.csproj", "{93841375-56D7-4B34-AA7C-BA69F29F8B66}"
EndProject
Project("{2150E333-8FDC-42A3-9474-1A3956D46DE8}") = "Clouds", "Clouds", "{A02FE377-4BF3-4BF5-B4AE-3D85831D4C90}"
EndProject
Project("{FAE04EC0-301F-11D3-BF4B-00C04F79EFBC}") = "MicrosoftOneDrive", "MicrosoftOneDrive\MicrosoftOneDrive.csproj", "{88E3C06F-D698-44B4-8A20-7951F786AE20}"
EndProject
Project("{8BC9CEB8-8B4A-11D0-8D11-00A0C91BC942}") = "Cloud.DokanNet.IntegrationTests", "Cloud.DokanNet.IntegrationTests\Cloud.DokanNet.IntegrationTests.vcxproj", "{F7B40FF9-FF0B-4668-B72F-897556F5901A}"
EndProject
Global
	GlobalSection(SolutionConfigurationPlatforms) = preSolution
		Debug|Any CPU = Debug|Any CPU
		Debug|x64 = Debug|x64
		Debug|x86 = Debug|x86
		Release|Any CPU = Release|Any CPU
		Release|x64 = Release|x64
		Release|x86 = Release|x86
	EndGlobalSection
	GlobalSection(ProjectConfigurationPlatforms) = postSolution
		{213AA535-DB16-4CF9-B3F1-324FF9347F8D}.Debug|Any CPU.ActiveCfg = Debug|Any CPU
		{213AA535-DB16-4CF9-B3F1-324FF9347F8D}.Debug|Any CPU.Build.0 = Debug|Any CPU
		{213AA535-DB16-4CF9-B3F1-324FF9347F8D}.Debug|x64.ActiveCfg = Debug|Any CPU
		{213AA535-DB16-4CF9-B3F1-324FF9347F8D}.Debug|x64.Build.0 = Debug|Any CPU
		{213AA535-DB16-4CF9-B3F1-324FF9347F8D}.Debug|x86.ActiveCfg = Debug|Any CPU
		{213AA535-DB16-4CF9-B3F1-324FF9347F8D}.Debug|x86.Build.0 = Debug|Any CPU
		{213AA535-DB16-4CF9-B3F1-324FF9347F8D}.Release|Any CPU.ActiveCfg = Release|Any CPU
		{213AA535-DB16-4CF9-B3F1-324FF9347F8D}.Release|Any CPU.Build.0 = Release|Any CPU
		{213AA535-DB16-4CF9-B3F1-324FF9347F8D}.Release|x64.ActiveCfg = Release|Any CPU
		{213AA535-DB16-4CF9-B3F1-324FF9347F8D}.Release|x64.Build.0 = Release|Any CPU
		{213AA535-DB16-4CF9-B3F1-324FF9347F8D}.Release|x86.ActiveCfg = Release|Any CPU
		{213AA535-DB16-4CF9-B3F1-324FF9347F8D}.Release|x86.Build.0 = Release|Any CPU
		{199CDB28-7472-41BD-BB1F-BF345451A68D}.Debug|Any CPU.ActiveCfg = Debug|Any CPU
		{199CDB28-7472-41BD-BB1F-BF345451A68D}.Debug|Any CPU.Build.0 = Debug|Any CPU
		{199CDB28-7472-41BD-BB1F-BF345451A68D}.Debug|x64.ActiveCfg = Debug|Any CPU
		{199CDB28-7472-41BD-BB1F-BF345451A68D}.Debug|x64.Build.0 = Debug|Any CPU
		{199CDB28-7472-41BD-BB1F-BF345451A68D}.Debug|x86.ActiveCfg = Debug|Any CPU
		{199CDB28-7472-41BD-BB1F-BF345451A68D}.Debug|x86.Build.0 = Debug|Any CPU
		{199CDB28-7472-41BD-BB1F-BF345451A68D}.Release|Any CPU.ActiveCfg = Release|Any CPU
		{199CDB28-7472-41BD-BB1F-BF345451A68D}.Release|Any CPU.Build.0 = Release|Any CPU
		{199CDB28-7472-41BD-BB1F-BF345451A68D}.Release|x64.ActiveCfg = Release|Any CPU
		{199CDB28-7472-41BD-BB1F-BF345451A68D}.Release|x64.Build.0 = Release|Any CPU
		{199CDB28-7472-41BD-BB1F-BF345451A68D}.Release|x86.ActiveCfg = Release|Any CPU
		{199CDB28-7472-41BD-BB1F-BF345451A68D}.Release|x86.Build.0 = Release|Any CPU
		{B1639C0F-0459-4690-87AE-66EBED228F0F}.Debug|Any CPU.ActiveCfg = Debug|Any CPU
		{B1639C0F-0459-4690-87AE-66EBED228F0F}.Debug|Any CPU.Build.0 = Debug|Any CPU
		{B1639C0F-0459-4690-87AE-66EBED228F0F}.Debug|x64.ActiveCfg = Debug|x64
		{B1639C0F-0459-4690-87AE-66EBED228F0F}.Debug|x64.Build.0 = Debug|x64
		{B1639C0F-0459-4690-87AE-66EBED228F0F}.Debug|x86.ActiveCfg = Debug|Any CPU
		{B1639C0F-0459-4690-87AE-66EBED228F0F}.Debug|x86.Build.0 = Debug|Any CPU
		{B1639C0F-0459-4690-87AE-66EBED228F0F}.Release|Any CPU.ActiveCfg = Release|Any CPU
		{B1639C0F-0459-4690-87AE-66EBED228F0F}.Release|Any CPU.Build.0 = Release|Any CPU
		{B1639C0F-0459-4690-87AE-66EBED228F0F}.Release|x64.ActiveCfg = Release|x64
		{B1639C0F-0459-4690-87AE-66EBED228F0F}.Release|x64.Build.0 = Release|x64
		{B1639C0F-0459-4690-87AE-66EBED228F0F}.Release|x86.ActiveCfg = Release|Any CPU
		{B1639C0F-0459-4690-87AE-66EBED228F0F}.Release|x86.Build.0 = Release|Any CPU
		{CD0ECDAA-982F-4E35-8BA9-E319D8D1F95F}.Debug|Any CPU.ActiveCfg = Debug
		{CD0ECDAA-982F-4E35-8BA9-E319D8D1F95F}.Debug|x64.ActiveCfg = Debug
		{CD0ECDAA-982F-4E35-8BA9-E319D8D1F95F}.Debug|x64.Build.0 = Debug
		{CD0ECDAA-982F-4E35-8BA9-E319D8D1F95F}.Debug|x86.ActiveCfg = Debug
		{CD0ECDAA-982F-4E35-8BA9-E319D8D1F95F}.Debug|x86.Build.0 = Debug
		{CD0ECDAA-982F-4E35-8BA9-E319D8D1F95F}.Release|Any CPU.ActiveCfg = Release
		{CD0ECDAA-982F-4E35-8BA9-E319D8D1F95F}.Release|x64.ActiveCfg = Release
		{CD0ECDAA-982F-4E35-8BA9-E319D8D1F95F}.Release|x64.Build.0 = Release
		{CD0ECDAA-982F-4E35-8BA9-E319D8D1F95F}.Release|x86.ActiveCfg = Release
		{CD0ECDAA-982F-4E35-8BA9-E319D8D1F95F}.Release|x86.Build.0 = Release
		{07444044-FB75-4639-AF4B-044A48EAD482}.Debug|Any CPU.ActiveCfg = Debug|Any CPU
		{07444044-FB75-4639-AF4B-044A48EAD482}.Debug|Any CPU.Build.0 = Debug|Any CPU
		{07444044-FB75-4639-AF4B-044A48EAD482}.Debug|x64.ActiveCfg = Debug|Any CPU
		{07444044-FB75-4639-AF4B-044A48EAD482}.Debug|x64.Build.0 = Debug|Any CPU
		{07444044-FB75-4639-AF4B-044A48EAD482}.Debug|x86.ActiveCfg = Debug|Any CPU
		{07444044-FB75-4639-AF4B-044A48EAD482}.Debug|x86.Build.0 = Debug|Any CPU
		{07444044-FB75-4639-AF4B-044A48EAD482}.Release|Any CPU.ActiveCfg = Release|Any CPU
		{07444044-FB75-4639-AF4B-044A48EAD482}.Release|Any CPU.Build.0 = Release|Any CPU
		{07444044-FB75-4639-AF4B-044A48EAD482}.Release|x64.ActiveCfg = Release|Any CPU
		{07444044-FB75-4639-AF4B-044A48EAD482}.Release|x64.Build.0 = Release|Any CPU
		{07444044-FB75-4639-AF4B-044A48EAD482}.Release|x86.ActiveCfg = Release|Any CPU
		{07444044-FB75-4639-AF4B-044A48EAD482}.Release|x86.Build.0 = Release|Any CPU
		{8DAC61EF-E07B-4BD2-8D79-5865EF2799BB}.Debug|Any CPU.ActiveCfg = Debug|Any CPU
		{8DAC61EF-E07B-4BD2-8D79-5865EF2799BB}.Debug|Any CPU.Build.0 = Debug|Any CPU
		{8DAC61EF-E07B-4BD2-8D79-5865EF2799BB}.Debug|x64.ActiveCfg = Debug|Any CPU
		{8DAC61EF-E07B-4BD2-8D79-5865EF2799BB}.Debug|x64.Build.0 = Debug|Any CPU
		{8DAC61EF-E07B-4BD2-8D79-5865EF2799BB}.Debug|x86.ActiveCfg = Debug|Any CPU
		{8DAC61EF-E07B-4BD2-8D79-5865EF2799BB}.Debug|x86.Build.0 = Debug|Any CPU
		{8DAC61EF-E07B-4BD2-8D79-5865EF2799BB}.Release|Any CPU.ActiveCfg = Release|Any CPU
		{8DAC61EF-E07B-4BD2-8D79-5865EF2799BB}.Release|Any CPU.Build.0 = Release|Any CPU
		{8DAC61EF-E07B-4BD2-8D79-5865EF2799BB}.Release|x64.ActiveCfg = Release|Any CPU
		{8DAC61EF-E07B-4BD2-8D79-5865EF2799BB}.Release|x64.Build.0 = Release|Any CPU
		{8DAC61EF-E07B-4BD2-8D79-5865EF2799BB}.Release|x86.ActiveCfg = Release|Any CPU
		{8DAC61EF-E07B-4BD2-8D79-5865EF2799BB}.Release|x86.Build.0 = Release|Any CPU
		{925A9045-6E71-422D-A3D5-4E4F852C438D}.Debug|Any CPU.ActiveCfg = Debug|Any CPU
		{925A9045-6E71-422D-A3D5-4E4F852C438D}.Debug|Any CPU.Build.0 = Debug|Any CPU
		{925A9045-6E71-422D-A3D5-4E4F852C438D}.Debug|x64.ActiveCfg = Debug|Any CPU
		{925A9045-6E71-422D-A3D5-4E4F852C438D}.Debug|x64.Build.0 = Debug|Any CPU
		{925A9045-6E71-422D-A3D5-4E4F852C438D}.Debug|x86.ActiveCfg = Debug|Any CPU
		{925A9045-6E71-422D-A3D5-4E4F852C438D}.Debug|x86.Build.0 = Debug|Any CPU
		{925A9045-6E71-422D-A3D5-4E4F852C438D}.Release|Any CPU.ActiveCfg = Release|Any CPU
		{925A9045-6E71-422D-A3D5-4E4F852C438D}.Release|Any CPU.Build.0 = Release|Any CPU
		{925A9045-6E71-422D-A3D5-4E4F852C438D}.Release|x64.ActiveCfg = Release|Any CPU
		{925A9045-6E71-422D-A3D5-4E4F852C438D}.Release|x64.Build.0 = Release|Any CPU
		{925A9045-6E71-422D-A3D5-4E4F852C438D}.Release|x86.ActiveCfg = Release|Any CPU
		{925A9045-6E71-422D-A3D5-4E4F852C438D}.Release|x86.Build.0 = Release|Any CPU
		{43097C04-9303-428D-A06C-1D2BF1D6647D}.Debug|Any CPU.ActiveCfg = Debug|Any CPU
		{43097C04-9303-428D-A06C-1D2BF1D6647D}.Debug|Any CPU.Build.0 = Debug|Any CPU
		{43097C04-9303-428D-A06C-1D2BF1D6647D}.Debug|x64.ActiveCfg = Debug|Any CPU
		{43097C04-9303-428D-A06C-1D2BF1D6647D}.Debug|x64.Build.0 = Debug|Any CPU
		{43097C04-9303-428D-A06C-1D2BF1D6647D}.Debug|x86.ActiveCfg = Debug|Any CPU
		{43097C04-9303-428D-A06C-1D2BF1D6647D}.Debug|x86.Build.0 = Debug|Any CPU
		{43097C04-9303-428D-A06C-1D2BF1D6647D}.Release|Any CPU.ActiveCfg = Release|Any CPU
		{43097C04-9303-428D-A06C-1D2BF1D6647D}.Release|Any CPU.Build.0 = Release|Any CPU
		{43097C04-9303-428D-A06C-1D2BF1D6647D}.Release|x64.ActiveCfg = Release|Any CPU
		{43097C04-9303-428D-A06C-1D2BF1D6647D}.Release|x64.Build.0 = Release|Any CPU
		{43097C04-9303-428D-A06C-1D2BF1D6647D}.Release|x86.ActiveCfg = Release|Any CPU
		{43097C04-9303-428D-A06C-1D2BF1D6647D}.Release|x86.Build.0 = Release|Any CPU
		{93841375-56D7-4B34-AA7C-BA69F29F8B66}.Debug|Any CPU.ActiveCfg = Debug|Any CPU
		{93841375-56D7-4B34-AA7C-BA69F29F8B66}.Debug|Any CPU.Build.0 = Debug|Any CPU
		{93841375-56D7-4B34-AA7C-BA69F29F8B66}.Debug|x64.ActiveCfg = Debug|Any CPU
		{93841375-56D7-4B34-AA7C-BA69F29F8B66}.Debug|x64.Build.0 = Debug|Any CPU
		{93841375-56D7-4B34-AA7C-BA69F29F8B66}.Debug|x86.ActiveCfg = Debug|Any CPU
		{93841375-56D7-4B34-AA7C-BA69F29F8B66}.Debug|x86.Build.0 = Debug|Any CPU
		{93841375-56D7-4B34-AA7C-BA69F29F8B66}.Release|Any CPU.ActiveCfg = Release|Any CPU
		{93841375-56D7-4B34-AA7C-BA69F29F8B66}.Release|Any CPU.Build.0 = Release|Any CPU
		{93841375-56D7-4B34-AA7C-BA69F29F8B66}.Release|x64.ActiveCfg = Release|Any CPU
		{93841375-56D7-4B34-AA7C-BA69F29F8B66}.Release|x64.Build.0 = Release|Any CPU
		{93841375-56D7-4B34-AA7C-BA69F29F8B66}.Release|x86.ActiveCfg = Release|Any CPU
		{93841375-56D7-4B34-AA7C-BA69F29F8B66}.Release|x86.Build.0 = Release|Any CPU
		{88E3C06F-D698-44B4-8A20-7951F786AE20}.Debug|Any CPU.ActiveCfg = Debug|Any CPU
		{88E3C06F-D698-44B4-8A20-7951F786AE20}.Debug|Any CPU.Build.0 = Debug|Any CPU
		{88E3C06F-D698-44B4-8A20-7951F786AE20}.Debug|x64.ActiveCfg = Debug|Any CPU
		{88E3C06F-D698-44B4-8A20-7951F786AE20}.Debug|x64.Build.0 = Debug|Any CPU
		{88E3C06F-D698-44B4-8A20-7951F786AE20}.Debug|x86.ActiveCfg = Debug|Any CPU
		{88E3C06F-D698-44B4-8A20-7951F786AE20}.Debug|x86.Build.0 = Debug|Any CPU
		{88E3C06F-D698-44B4-8A20-7951F786AE20}.Release|Any CPU.ActiveCfg = Release|Any CPU
		{88E3C06F-D698-44B4-8A20-7951F786AE20}.Release|Any CPU.Build.0 = Release|Any CPU
		{88E3C06F-D698-44B4-8A20-7951F786AE20}.Release|x64.ActiveCfg = Release|Any CPU
		{88E3C06F-D698-44B4-8A20-7951F786AE20}.Release|x64.Build.0 = Release|Any CPU
		{88E3C06F-D698-44B4-8A20-7951F786AE20}.Release|x86.ActiveCfg = Release|Any CPU
		{88E3C06F-D698-44B4-8A20-7951F786AE20}.Release|x86.Build.0 = Release|Any CPU
		{F7B40FF9-FF0B-4668-B72F-897556F5901A}.Debug|Any CPU.ActiveCfg = Debug|Win32
		{F7B40FF9-FF0B-4668-B72F-897556F5901A}.Debug|x64.ActiveCfg = Debug|x64
		{F7B40FF9-FF0B-4668-B72F-897556F5901A}.Debug|x64.Build.0 = Debug|x64
		{F7B40FF9-FF0B-4668-B72F-897556F5901A}.Debug|x86.ActiveCfg = Debug|Win32
		{F7B40FF9-FF0B-4668-B72F-897556F5901A}.Debug|x86.Build.0 = Debug|Win32
		{F7B40FF9-FF0B-4668-B72F-897556F5901A}.Release|Any CPU.ActiveCfg = Release|Win32
		{F7B40FF9-FF0B-4668-B72F-897556F5901A}.Release|x64.ActiveCfg = Release|x64
		{F7B40FF9-FF0B-4668-B72F-897556F5901A}.Release|x64.Build.0 = Release|x64
		{F7B40FF9-FF0B-4668-B72F-897556F5901A}.Release|x86.ActiveCfg = Release|Win32
		{F7B40FF9-FF0B-4668-B72F-897556F5901A}.Release|x86.Build.0 = Release|Win32
	EndGlobalSection
	GlobalSection(SolutionProperties) = preSolution
		HideSolutionNode = FALSE
	EndGlobalSection
	GlobalSection(NestedProjects) = preSolution
		{C40D9D1E-23C5-46BF-B902-4DF1677F7C95} = {F031D0CA-AD7C-4355-838D-CD12011F987C}
		{43097C04-9303-428D-A06C-1D2BF1D6647D} = {A02FE377-4BF3-4BF5-B4AE-3D85831D4C90}
		{88E3C06F-D698-44B4-8A20-7951F786AE20} = {A02FE377-4BF3-4BF5-B4AE-3D85831D4C90}
	EndGlobalSection
EndGlobal
