
Microsoft Visual Studio Solution File, Format Version 12.00
# Visual Studio 14
VisualStudioVersion = 14.0.23107.0
MinimumVisualStudioVersion = 10.0.40219.1
Project("{FAE04EC0-301F-11D3-BF4B-00C04F79EFBC}") = "amazon-clouddrive-dokan", "amazon-clouddrive-dokan\amazon-clouddrive-dokan.csproj", "{213AA535-DB16-4CF9-B3F1-324FF9347F8D}"
EndProject
Project("{FAE04EC0-301F-11D3-BF4B-00C04F79EFBC}") = "ConsoleApplication1", "ConsoleApplication1\ConsoleApplication1.csproj", "{9EBB7260-6D0C-43EB-B1D0-DCABE91226EE}"
EndProject
Global
	GlobalSection(SolutionConfigurationPlatforms) = preSolution
		Debug|Any CPU = Debug|Any CPU
		Release|Any CPU = Release|Any CPU
	EndGlobalSection
	GlobalSection(ProjectConfigurationPlatforms) = postSolution
		{213AA535-DB16-4CF9-B3F1-324FF9347F8D}.Debug|Any CPU.ActiveCfg = Debug|Any CPU
		{213AA535-DB16-4CF9-B3F1-324FF9347F8D}.Debug|Any CPU.Build.0 = Debug|Any CPU
		{213AA535-DB16-4CF9-B3F1-324FF9347F8D}.Release|Any CPU.ActiveCfg = Release|Any CPU
		{213AA535-DB16-4CF9-B3F1-324FF9347F8D}.Release|Any CPU.Build.0 = Release|Any CPU
		{9EBB7260-6D0C-43EB-B1D0-DCABE91226EE}.Debug|Any CPU.ActiveCfg = Debug|Any CPU
		{9EBB7260-6D0C-43EB-B1D0-DCABE91226EE}.Debug|Any CPU.Build.0 = Debug|Any CPU
		{9EBB7260-6D0C-43EB-B1D0-DCABE91226EE}.Release|Any CPU.ActiveCfg = Release|Any CPU
		{9EBB7260-6D0C-43EB-B1D0-DCABE91226EE}.Release|Any CPU.Build.0 = Release|Any CPU
	EndGlobalSection
	GlobalSection(SolutionProperties) = preSolution
		HideSolutionNode = FALSE
	EndGlobalSection
EndGlobal
